[[package]]
name = "alabaster"
version = "0.7.11"
description = "A configurable sidebar-enabled Sphinx theme"
category = "dev"
optional = false
python-versions = "*"
platform = "*"

[[package]]
name = "apistar"
version = "0.5.40"
description = "Blazingly fast & beautifully expressive Web APIs"
category = "main"
optional = false
python-versions = "*"
platform = "*"

[package.dependencies]
click = "*"
jinja2 = "*"
requests = "*"
pyyaml = "*"
werkzeug = "*"
whitenoise = "*"
[[package]]
name = "apistar-jwt"
version = "0.5.0"
description = "A JSON Web Token Component for API Star"
category = "main"
optional = false
python-versions = "*"
platform = "*"

[package.dependencies]
PyJWT = "*"
apistar = ">=0.4"
[[package]]
name = "apistar-ponyorm"
version = "0.2.12"
description = "Third-party for apistar using pony orm"
category = "main"
optional = false
python-versions = ">= 3.5.0.0, < 4.0.0.0"
platform = "*"

[package.dependencies]
pony = ">=0.7.0.0"
apistar = ">=0.5.0.0"
[[package]]
name = "appdirs"
version = "1.4.3"
description = "A small Python module for determining appropriate platform-specific dirs, e.g. a \"user data dir\"."
category = "dev"
optional = false
python-versions = "*"
platform = "*"

[[package]]
name = "argh"
version = "0.26.2"
description = "An unobtrusive argparse wrapper with natural syntax"
category = "dev"
optional = false
python-versions = "*"
platform = "UNKNOWN"

[[package]]
name = "atomicwrites"
version = "1.1.5"
description = "Atomic file writes."
category = "dev"
optional = false
python-versions = "*"
platform = "UNKNOWN"

[[package]]
name = "attrs"
version = "18.1.0"
description = "Classes Without Boilerplate"
category = "dev"
optional = false
python-versions = "*"
platform = "*"

[[package]]
name = "babel"
version = "2.6.0"
description = "Internationalization utilities"
category = "dev"
optional = false
python-versions = ">=2.7, !=3.0.*, !=3.1.*, !=3.2.*, !=3.3.*"
platform = "*"

[package.dependencies]
pytz = ">=0a"
[[package]]
name = "black"
version = "18.6b3"
description = "The uncompromising code formatter."
category = "dev"
optional = false
python-versions = ">=3.6"
platform = "*"

[package.dependencies]
click = ">=6.5"
attrs = ">=17.4.0"
appdirs = "*"
toml = ">=0.9.4"
[[package]]
name = "certifi"
version = "2018.4.16"
description = "Python package for providing Mozilla's CA Bundle."
category = "main"
optional = false
python-versions = "*"
platform = "*"

[[package]]
name = "chardet"
version = "3.0.4"
description = "Universal encoding detector for Python 2 and 3"
category = "main"
optional = false
python-versions = "*"
platform = "*"

[[package]]
name = "click"
version = "6.7"
description = "A simple wrapper around optparse for powerful command line utilities."
category = "main"
optional = false
python-versions = "*"
platform = "*"

[[package]]
name = "colorama"
version = "0.3.9"
description = "Cross-platform colored terminal text."
category = "dev"
optional = false
python-versions = "*"
platform = "UNKNOWN"

[package.requirements]
platform = "win32"
[[package]]
name = "coverage"
version = "4.5.1"
description = "Code coverage measurement for Python"
category = "dev"
optional = false
python-versions = ">=2.6, !=3.0.*, !=3.1.*, !=3.2.*, <4"
platform = "*"

[[package]]
name = "dickens"
version = "1.0.1"
description = "Additional decorators implementing the descriptor interface"
category = "main"
optional = false
python-versions = "*"
platform = "*"

[[package]]
name = "docutils"
version = "0.14"
description = "Docutils -- Python Documentation Utilities"
category = "dev"
optional = false
python-versions = "*"
platform = "OS-independent"

[[package]]
name = "flake8"
version = "3.5.0"
description = "the modular source code checker: pep8, pyflakes and co"
category = "dev"
optional = false
python-versions = "*"
platform = "*"

[package.dependencies]
pyflakes = ">=1.5.0,<1.7.0"
pycodestyle = ">=2.0.0,<2.4.0"
mccabe = ">=0.6.0,<0.7.0"
[[package]]
name = "idna"
version = "2.7"
description = "Internationalized Domain Names in Applications (IDNA)"
category = "main"
optional = false
python-versions = "*"
platform = "*"

[[package]]
name = "imagesize"
version = "1.0.0"
description = "Getting image size from png/jpeg/jpeg2000/gif file"
category = "dev"
optional = false
python-versions = "*"
platform = "*"

[[package]]
name = "isort"
version = "4.3.4"
description = "A Python utility / library to sort Python imports."
category = "dev"
optional = false
python-versions = ">=2.7, !=3.0.*, !=3.1.*, !=3.2.*, !=3.3.*"
platform = "*"

[[package]]
name = "jinja2"
version = "2.10"
description = "A small but fast and easy to use stand-alone template engine written in pure python."
category = "main"
optional = false
python-versions = "*"
platform = "*"

[package.dependencies]
MarkupSafe = ">=0.23"
[[package]]
name = "livereload"
version = "2.5.2"
description = "Python LiveReload is an awesome tool for web developers"
category = "dev"
optional = false
python-versions = "*"
platform = "*"

[package.dependencies]
six = "*"
tornado = "*"
[[package]]
name = "markupsafe"
version = "1.0"
description = "Implements a XML/HTML/XHTML Markup safe string for Python"
category = "main"
optional = false
python-versions = "*"
platform = "UNKNOWN"

[[package]]
name = "mccabe"
version = "0.6.1"
description = "McCabe checker, plugin for flake8"
category = "dev"
optional = false
python-versions = "*"
platform = "*"

[[package]]
name = "mimesis"
version = "2.1.0"
description = "Mimesis: mock data for developers."
category = "dev"
optional = false
python-versions = "*"
platform = "*"

[[package]]
name = "more-itertools"
version = "4.2.0"
description = "More routines for operating on iterables, beyond itertools"
category = "dev"
optional = false
python-versions = "*"
platform = "*"

[package.dependencies]
six = ">=1.0.0,<2.0.0"
[[package]]
name = "packaging"
version = "17.1"
description = "Core utilities for Python packages"
category = "dev"
optional = false
python-versions = ">=2.7, !=3.0.*, !=3.1.*, !=3.2.*, !=3.3.*"
platform = "*"

[package.dependencies]
pyparsing = ">=2.0.2"
six = "*"
[[package]]
name = "pathtools"
version = "0.1.2"
description = "File system general utilities"
category = "dev"
optional = false
python-versions = "*"
platform = "UNKNOWN"

[[package]]
name = "pbr"
version = "4.0.4"
description = "Python Build Reasonableness"
category = "main"
optional = false
python-versions = "*"
platform = "*"

[[package]]
name = "pendulum"
version = "2.0.2"
description = "Python datetimes made easy"
category = "main"
optional = false
python-versions = ">=2.7, !=3.0.*, !=3.1.*, !=3.2.*, !=3.3.*"
platform = "*"

[package.dependencies]
pytzdata = ">=2018.3"
python-dateutil = ">=2.6,<3.0"
[[package]]
name = "pluggy"
version = "0.6.0"
description = "plugin and hook calling mechanisms for python"
category = "dev"
optional = false
python-versions = ">=2.7, !=3.0.*, !=3.1.*, !=3.2.*, !=3.3.*"
platform = "unix"

[[package]]
name = "pockets"
version = "0.6.2"
description = "A collection of helpful Python tools!"
category = "dev"
optional = false
python-versions = "*"
platform = "any"

[package.dependencies]
six = ">=1.5.2"
[[package]]
name = "pony"
version = "0.7.3"
description = "Pony Object-Relational Mapper"
category = "main"
optional = false
python-versions = "*"
platform = "*"

[[package]]
name = "port-for"
version = "0.3.1"
description = "Utility that helps with local TCP ports managment. It can find an unused TCP localhost port and remember the association."
category = "dev"
optional = false
python-versions = "*"
platform = "UNKNOWN"

[[package]]
name = "psycopg2-binary"
version = "2.7.5"
description = "psycopg2 - Python-PostgreSQL Database Adapter"
category = "main"
optional = false
python-versions = "*"
platform = "any"

[[package]]
name = "py"
version = "1.5.3"
description = "library with cross-python path, ini-parsing, io, code, log facilities"
category = "dev"
optional = false
python-versions = ">=2.7, !=3.0.*, !=3.1.*, !=3.2.*, !=3.3.*"
platform = "unix"

[[package]]
name = "pycodestyle"
version = "2.3.1"
description = "Python style guide checker"
category = "dev"
optional = false
python-versions = "*"
platform = "*"

[[package]]
name = "pyflakes"
version = "1.6.0"
description = "passive checker of Python programs"
category = "dev"
optional = false
python-versions = "*"
platform = "*"

[[package]]
name = "pygments"
version = "2.2.0"
description = "Pygments is a syntax highlighting package written in Python."
category = "dev"
optional = false
python-versions = "*"
platform = "any"

[[package]]
name = "pyjwt"
version = "1.6.4"
description = "JSON Web Token implementation in Python"
category = "main"
optional = false
python-versions = "*"
platform = "*"

[[package]]
name = "pyparsing"
version = "2.2.0"
description = "Python parsing module"
category = "dev"
optional = false
python-versions = "*"
platform = "UNKNOWN"

[[package]]
name = "pytest"
version = "3.6.2"
description = "pytest: simple powerful testing with Python"
category = "dev"
optional = false
python-versions = ">=2.7, !=3.0.*, !=3.1.*, !=3.2.*, !=3.3.*"
platform = "unix"

[package.dependencies]
colorama = "*"
pluggy = ">=0.5,<0.7"
atomicwrites = ">=1.0"
more-itertools = ">=4.0.0"
attrs = ">=17.4.0"
setuptools = "*"
six = ">=1.10.0"
py = ">=1.5.0"
[[package]]
name = "pytest-cov"
version = "2.5.1"
description = "Pytest plugin for measuring coverage."
category = "dev"
optional = false
python-versions = "*"
platform = "*"

[package.dependencies]
coverage = ">=3.7.1"
pytest = ">=2.6.0"
[[package]]
name = "pytest-env"
version = "0.6.2"
description = "py.test plugin that allows you to add environment variables."
category = "dev"
optional = false
python-versions = "*"
platform = "UNKNOWN"

[package.dependencies]
pytest = ">=2.6.0"
[[package]]
name = "pytest-mock"
version = "1.10.0"
description = "Thin-wrapper around the mock package for easier use with py.test"
category = "dev"
optional = false
python-versions = ">=2.7, !=3.0.*, !=3.1.*, !=3.2.*, !=3.3.*"
platform = "any"

[package.dependencies]
pytest = ">=2.7"
[[package]]
name = "pytest-ponyorm"
version = "0.3.2"
description = "PonyORM in Pytest"
category = "dev"
optional = false
python-versions = ">=3.5"
platform = "*"

[package.dependencies]
pytest = ">=3.1.1"
[[package]]
name = "pytest-pythonpath"
version = "0.7.2"
description = "pytest plugin for adding to the PYTHONPATH from command line or configs."
category = "dev"
optional = false
python-versions = ">=2.6, <4"
platform = "*"

[package.dependencies]
pytest = ">=2.5.2"
[[package]]
name = "python-dateutil"
version = "2.7.3"
description = "Extensions to the standard Python datetime module"
category = "main"
optional = false
python-versions = ">=2.7, !=3.0.*, !=3.1.*, !=3.2.*"
platform = "*"

[package.dependencies]
six = ">=1.5"
[[package]]
name = "python-dotenv"
version = "0.8.2"
description = "Add .env support to your django/flask apps in development and deployments"
category = "main"
optional = false
python-versions = "*"
platform = "*"

[[package]]
name = "pythonthesorimed"
version = "0.3.0"
description = "Une interface python avec la base médicamenteuse thesorimed"
category = "main"
optional = false
python-versions = "*"
platform = "*"

[package.dependencies]
yapf = "*"
psycopg2-binary = "*"
pbr = ">=3.0"
[[package]]
name = "pytz"
version = "2018.4"
description = "World timezone definitions, modern and historical"
category = "dev"
optional = false
python-versions = "*"
platform = "Independent"

[[package]]
name = "pytzdata"
version = "2018.5"
description = "Official timezone database for Python."
category = "main"
optional = false
python-versions = ">=2.7, !=3.0.*, !=3.1.*, !=3.2.*, !=3.3.*"
platform = "*"

[[package]]
name = "pyyaml"
version = "3.12"
description = "YAML parser and emitter for Python"
category = "main"
optional = false
python-versions = "*"
platform = "Any"

[[package]]
name = "requests"
version = "2.19.1"
description = "Python HTTP for Humans."
category = "main"
optional = false
python-versions = ">=2.6, !=3.0.*, !=3.1.*, !=3.2.*, !=3.3.*"
platform = "*"

[package.dependencies]
certifi = ">=2017.4.17"
urllib3 = ">=1.21.1,<1.24"
idna = ">=2.5,<2.8"
chardet = ">=3.0.2,<3.1.0"
[[package]]
name = "setuptools"
version = "39.2.0"
description = "Easily download, build, install, upgrade, and uninstall Python packages"
category = "dev"
optional = false
python-versions = ">=2.7,!=3.0.*,!=3.1.*,!=3.2.*"
platform = "*"

[[package]]
name = "simple-settings"
version = "0.13.0"
description = "A simple way to manage your project settings"
category = "main"
optional = false
python-versions = "*"
platform = "*"

[[package]]
name = "six"
version = "1.11.0"
description = "Python 2 and 3 compatibility utilities"
category = "main"
optional = false
python-versions = "*"
platform = "*"

[[package]]
name = "snowballstemmer"
version = "1.2.1"
description = "This package provides 16 stemmer algorithms (15 + Poerter English stemmer) generated from Snowball algorithms."
category = "dev"
optional = false
python-versions = "*"
platform = "UNKNOWN"

[[package]]
name = "sphinx"
version = "1.7.5"
description = "Python documentation generator"
category = "dev"
optional = false
python-versions = ">=2.7, !=3.0.*, !=3.1.*, !=3.2.*, !=3.3.*"
platform = "any"

[package.dependencies]
colorama = ">=0.3.5"
sphinxcontrib-websupport = "*"
packaging = "*"
setuptools = "*"
requests = ">=2.0.0"
imagesize = "*"
alabaster = ">=0.7,<0.8"
babel = ">=1.3,<2.0 || >2.0"
snowballstemmer = ">=1.1"
docutils = ">=0.11"
Pygments = ">=2.0"
Jinja2 = ">=2.3"
six = ">=1.5"
[[package]]
name = "sphinx-autobuild"
version = "0.7.1"
description = "Watch a Sphinx directory and rebuild the documentation when a change is detected. Also includes a livereload enabled web server."
category = "dev"
optional = false
python-versions = "*"
platform = "*"

[package.dependencies]
watchdog = ">=0.7.1"
argh = ">=0.24.1"
pathtools = ">=0.1.2"
PyYAML = ">=3.10"
tornado = ">=3.2"
port_for = "0.3.1"
livereload = ">=2.3.0"
[[package]]
name = "sphinx-autodoc-typehints"
version = "1.3.0"
description = "Type hints (PEP 484) support for the Sphinx autodoc extension"
category = "dev"
optional = false
python-versions = "!=3.5.0, !=3.5.1"
platform = "*"

[package.dependencies]
Sphinx = ">=1.4"
[[package]]
name = "sphinx-rtd-theme"
version = "0.3.1"
description = "Read the Docs theme for Sphinx"
category = "dev"
optional = false
python-versions = "*"
platform = "*"

[[package]]
name = "sphinxcontrib-napoleon"
version = "0.6.1"
description = "Sphinx \"napoleon\" extension."
category = "dev"
optional = false
python-versions = "*"
platform = "any"

[package.dependencies]
pockets = ">=0.3"
six = ">=1.5.2"
[[package]]
name = "sphinxcontrib-websupport"
version = "1.1.0"
description = "Sphinx API for Web Apps"
category = "dev"
optional = false
python-versions = ">=2.7, !=3.0.*, !=3.1.*, !=3.2.*, !=3.3.*"
platform = "any"

[[package]]
name = "toml"
version = "0.9.4"
description = "Python Library for Tom's Obvious, Minimal Language"
category = "dev"
optional = false
python-versions = "*"
platform = "*"

[[package]]
name = "tornado"
version = "5.0.2"
description = "Tornado is a Python web framework and asynchronous networking library, originally developed at FriendFeed."
category = "dev"
optional = false
python-versions = ">= 2.7, !=3.0.*, !=3.1.*, !=3.2.*, != 3.3.*"
platform = "*"

[[package]]
name = "urllib3"
version = "1.23"
description = "HTTP library with thread-safe connection pooling, file post, and more."
category = "main"
optional = false
python-versions = ">=2.6, !=3.0.*, !=3.1.*, !=3.2.*, !=3.3.*, <4"
platform = "*"

[[package]]
name = "watchdog"
version = "0.8.3"
description = "Filesystem events monitoring"
category = "dev"
optional = false
python-versions = "*"
platform = "UNKNOWN"

[package.dependencies]
PyYAML = ">=3.10"
argh = ">=0.24.1"
pathtools = ">=0.1.1"
[[package]]
name = "werkzeug"
version = "0.14.1"
description = "The comprehensive WSGI web application library."
category = "main"
optional = false
python-versions = "*"
platform = "any"

[[package]]
name = "whitenoise"
version = "3.3.1"
description = "Radically simplified static file serving for WSGI applications"
category = "main"
optional = false
python-versions = "*"
platform = "*"

[[package]]
name = "yapf"
version = "0.22.0"
description = "A formatter for Python code."
category = "main"
optional = false
python-versions = "*"
platform = "*"

[metadata]
python-versions = "^3.6"
platform = "*"
content-hash = "a15a83faa295b2b278a355b4229108fde2f4981ca92eb4f95a5486a58d303ef8"

[metadata.hashes]
alabaster = [ "674bb3bab080f598371f4443c5008cbfeb1a5e622dd312395d2d82af2c54c456", "b63b1f4dc77c074d386752ec4a8a7517600f6c0db8cd42980cae17ab7b3275d7",]
apistar = [ "9158cbdc0449751f0efbc98800546c1cd212f1ff6f8b2a11d2f9df4fcf943110",]
apistar-jwt = [ "109e5f666b2c57417d698426c7cc31ac4eab540b0860d61f3478d9262cc3f3af", "9cc78c32e175c3265dcb65425b76ee19afd90a3654cbb59c9e824df7fae94cee",]
apistar-ponyorm = [ "486c4eea47199849be69eefdcd3e5602986d8d2a0a4b9ffcc8ef3ab2fe3d2cab",]
appdirs = [ "d8b24664561d0d34ddfaec54636d502d7cea6e29c3eaf68f3df6180863e2166e", "9e5896d1372858f8dd3344faf4e5014d21849c756c8d5701f78f8a103b372d92",]
argh = [ "a9b3aaa1904eeb78e32394cd46c6f37ac0fb4af6dc488daa58971bdc7d7fcaf3", "e9535b8c84dc9571a48999094fda7f33e63c3f1b74f3e5f3ac0105a58405bb65",]
atomicwrites = [ "a24da68318b08ac9c9c45029f4a10371ab5b20e4226738e150e6e7c571630ae6", "240831ea22da9ab882b551b31d4225591e5e447a68c5e188db5b89ca1d487585",]
attrs = [ "4b90b09eeeb9b88c35bc642cbac057e45a5fd85367b985bd2809c62b7b939265", "e0d0eb91441a3b53dab4d9b743eafc1ac44476296a2053b6ca3af0b139faf87b",]
babel = [ "6778d85147d5d85345c14a26aada5e478ab04e39b078b0745ee6870c2b5cf669", "8cba50f48c529ca3fa18cf81fa9403be176d374ac4d60738b839122dfaaa3d23",]
black = [ "479cc8b3455a75b5b289276b5f47fd2bb412f2f369292989c12b891264758b5c", "fe3b7ac846f2a7c91d926782184826c57d2be283c57f0d6b37b85496eb5469ff",]
certifi = [ "9fa520c1bacfb634fa7af20a76bcbd3d5fb390481724c597da32c719a7dca4b0", "13e698f54293db9f89122b0581843a782ad0934a4fe0172d2a980ba77fc61bb7",]
chardet = [ "fc323ffcaeaed0e0a02bf4d117757b98aed530d9ed4531e3e15460124c106691", "84ab92ed1c4d4f16916e05906b6b75a6c0fb5db821cc65e70cbd64a3e2a5eaae",]
click = [ "29f99fc6125fbc931b758dc053b3114e55c77a6e4c6c3a2674a2dc986016381d", "f15516df478d5a56180fbf80e68f206010e6d160fc39fa508b65e035fd75130b",]
colorama = [ "463f8483208e921368c9f306094eb6f725c6ca42b0f97e313cb5d5512459feda", "48eb22f4f8461b1df5734a074b57042430fb06e1d61bd1e11b078c0fe6d7a1f1",]
coverage = [ "7608a3dd5d73cb06c531b8925e0ef8d3de31fed2544a7de6c63960a1e73ea4bc", "3a2184c6d797a125dca8367878d3b9a178b6fdd05fdc2d35d758c3006a1cd694", "f3f501f345f24383c0000395b26b726e46758b71393267aeae0bd36f8b3ade80", "0b136648de27201056c1869a6c0d4e23f464750fd9a9ba9750b8336a244429ed", "337ded681dd2ef9ca04ef5d93cfc87e52e09db2594c296b4a0a3662cb1b41249", "3eb42bf89a6be7deb64116dd1cc4b08171734d721e7a7e57ad64cc4ef29ed2f1", "be6cfcd8053d13f5f5eeb284aa8a814220c3da1b0078fa859011c7fffd86dab9", "69bf008a06b76619d3c3f3b1983f5145c75a305a0fea513aca094cae5c40a8f5", "2eb564bbf7816a9d68dd3369a510be3327f1c618d2357fa6b1216994c2e3d508", "9d6dd10d49e01571bf6e147d3b505141ffc093a06756c60b053a859cb2128b1f", "701cd6093d63e6b8ad7009d8a92425428bc4d6e7ab8d75efbb665c806c1d79ba", "5a13ea7911ff5e1796b6d5e4fbbf6952381a611209b736d48e675c2756f3f74e", "c1bb572fab8208c400adaf06a8133ac0712179a334c09224fb11393e920abcdd", "03481e81d558d30d230bc12999e3edffe392d244349a90f4ef9b88425fac74ba", "28b2191e7283f4f3568962e373b47ef7f0392993bb6660d079c62bd50fe9d162", "de4418dadaa1c01d497e539210cb6baa015965526ff5afc078c57ca69160108d", "8c3cb8c35ec4d9506979b4cf90ee9918bc2e49f84189d9bf5c36c0c1119c6558", "7e1fe19bd6dce69d9fd159d8e4a80a8f52101380d5d3a4d374b6d3eae0e5de9c", "6bc583dc18d5979dc0f6cec26a8603129de0304d5ae1f17e57a12834e7235062", "198626739a79b09fa0a2f06e083ffd12eb55449b5f8bfdbeed1df4910b2ca640", "7aa36d2b844a3e4a4b356708d79fd2c260281a7390d678a10b91ca595ddc9e99", "3d72c20bd105022d29b14a7d628462ebdc61de2f303322c0212a054352f3b287", "4635a184d0bbe537aa185a34193898eee409332a8ccb27eea36f262566585000", "e05cb4d9aad6233d67e0541caa7e511fa4047ed7750ec2510d466e806e0255d6", "76ecd006d1d8f739430ec50cc872889af1f9c1b6b8f48e29941814b09b0fd3cc", "7d3f553904b0c5c016d1dad058a7554c7ac4c91a789fca496e7d8347ad040653", "3c79a6f7b95751cdebcd9037e4d06f8d5a9b60e4ed0cd231342aa8ad7124882a", "56e448f051a201c5ebbaa86a5efd0ca90d327204d8b059ab25ad0f35fbfd79f1", "ac4fef68da01116a5c117eba4dd46f2e06847a497de5ed1d64bb99a5fda1ef91", "1c383d2ef13ade2acc636556fd544dba6e14fa30755f26812f54300e401f98f2", "b8815995e050764c8610dbc82641807d196927c3dbed207f0a079833ffcf588d", "104ab3934abaf5be871a583541e8829d6c19ce7bde2923b2751e0d3ca44db60a", "9e112fcbe0148a6fa4f0a02e8d58e94470fc6cb82a5481618fea901699bf34c4", "15b111b6a0f46ee1a485414a52a7ad1d703bdf984e9ed3c288a4414d3871dcbd", "e4d96c07229f58cb686120f168276e434660e4358cc9cf3b0464210b04913e77", "f8a923a85cb099422ad5a2e345fe877bbc89a8a8b23235824a93488150e45f6e",]
dickens = [ "721688046300f4369d536e0cfbfb54f1eef149a7670871d6209ccaa738f21433",]
docutils = [ "7a4bd47eaf6596e1295ecb11361139febe29b084a87bf005bf899f9a42edc3c6", "02aec4bd92ab067f6ff27a38a38a41173bf01bed8f89157768c1573f53e474a6", "51e64ef2ebfb29cae1faa133b3710143496eca21c530f3f71424d77687764274",]
flake8 = [ "c7841163e2b576d435799169b78703ad6ac1bbb0f199994fc05f700b2a90ea37", "7253265f7abd8b313e3892944044a365e3f4ac3fcdcfb4298f55ee9ddf188ba0",]
idna = [ "156a6814fb5ac1fc6850fb002e0852d56c0c8d2531923a51032d1b70760e186e", "684a38a6f903c1d71d6d5fac066b58d7768af4de2b832e426ec79c30daa94a16",]
imagesize = [ "3620cc0cadba3f7475f9940d22431fc4d407269f1be59ec9b8edcca26440cf18", "5b326e4678b6925158ccc66a9fa3122b6106d7c876ee32d7de6ce59385b96315",]
isort = [ "ec9ef8f4a9bc6f71eec99e1806bfa2de401650d996c59330782b89a5555c1497", "1153601da39a25b14ddc54955dbbacbb6b2d19135386699e2ad58517953b34af", "b9c40e9750f3d77e6e4d441d8b0266cf555e7cdabdcff33c4fd06366ca761ef8",]
jinja2 = [ "74c935a1b8bb9a3947c50a54766a969d4846290e1e788ea44c1392163723c3bd", "f84be1bb0040caca4cea721fcbbbbd61f9be9464ca236387158b0feea01914a4",]
livereload = [ "583179dc8d49b040a9da79bd33de59e160d2a8802b939e304eb359a4419f6498", "dd4469a8f5a6833576e9f5433f1439c306de15dbbfeceabd32479b1123380fa5",]
markupsafe = [ "a6be69091dac236ea9c6bc7d012beab42010fa914c459791d627dad4910eb665",]
mccabe = [ "ab8a6258860da4b6677da4bd2fe5dc2c659cff31b3ee4f7f5d64e79735b80d42", "dd8d182285a0fe56bace7f45b5e7d1a6ebcbf524e8f3bd87eb0f125271b8831f",]
mimesis = [ "2a17aa98cc8aff2c0b1828312e213a515030ed57a1c7b61fc07a87150cb0f25f", "4b856023acdaaefe2e10bbfea9fd4cb6fa9adbbbe9618a8f796aa8887b58e6f2",]
more-itertools = [ "a18d870ef2ffca2b8463c0070ad17b5978056f403fb64e3f15fe62a52db21cc0", "6703844a52d3588f951883005efcf555e49566a48afd4db4e965d69b883980d3", "2b6b9893337bfd9166bee6a62c2b0c9fe7735dcf85948b387ec8cba30e85d8e8",]
packaging = [ "e9215d2d2535d3ae866c3d6efc77d5b24a0192cce0ff20e42896cc0664f889c0", "f019b770dd64e585a99714f1fd5e01c7a8f11b45635aa953fd41c689a657375b",]
pathtools = [ "7c35c5421a39bb82e58018febd90e3b6e5db34c5443aaaf742b3f33d4655f1c0",]
pbr = [ "3747c6f017f2dc099986c325239661948f9f5176f6880d9fdef164cb664cd665", "a9c27eb8f0e24e786e544b2dbaedb729c9d8546342b5a6818d8eda098ad4340d",]
pendulum = [ "d8822a592bbc16576c44ec4625bff9187ed9b649d47714e4905a55adc5b25339", "8bb523f759daeecfc0649369f198cbeb27a6608347354f4f847d21d579003db6", "846478ab5f7480b3d850a09e44fe03830d448633c84f0b1066615ff6c34293aa", "b7ff156b3d7cccbdeeb63465578d9a4e6f57d463f6ff6d4474254208d08f8353", "0643d45824e6789b88187728337dfa6075a0233f6976c2abefba00d064156309", "dd45c7b349faab69714df9835cdf8bf8bce50bf6fc471419d3b23ba33e1915a5", "3cc271195d8054bec06f54ff7d56ea6c2e2b5ad5dd6b532d787b34d2cabe6a65", "a449142063100f1b3c1119453c7569667c9ba79897305a1c50ca83a8c790f1e4", "fac088b637b5db5a047a0e89194d8c3c9e9e9ce1665089240003bb7c05b92536", "544e44d8a92954e5ef4db4fa8b662d3282f2ac7b7c2cbf4227dc193ba78b9e1e",]
pluggy = [ "d345c8fe681115900d6da8d048ba67c25df42973bda370783cd58826442dcd7c", "e160a7fcf25762bb60efc7e171d4497ff1d8d2d75a3d0df7a21b76821ecbf5c5", "7f8ae7f5bdf75671a718d2daf0a64b7885f74510bcd98b1a0bb420eb9a9d0cff",]
pockets = [ "2f0828f9373a4beeb12a93ce4fad0cb5665a61b6506a836a89b5adcd5108680a", "40ac0936cde62b0e3ba02946ad4407648c95e4e3edae3659b21f6c9f7a2c9463",]
pony = [ "114b3e075e79de27a729bbc59812290334dd82644d41120df9d556336cffa67c",]
port-for = [ "b16a84bb29c2954db44c29be38b17c659c9c27e33918dec16b90d375cc596f1c",]
psycopg2-binary = [ "b5fcf07140219a1f71e18486b8dc28e2e1b76a441c19374805c617aa6d9a9d55", "5221f5a3f4ca2ddf0d58e8b8a32ca50948be9a43351fda797eb4e72d7a7aa34d", "04afb59bbbd2eab3148e6816beddc74348078b8c02a1113ea7f7822f5be4afe3", "4a0e38cb30457e70580903367161173d4a7d1381eb2f2cfe4e69b7806623f484", "89bc65ef3301c74cf32db25334421ea6adbe8f65601ea45dcaaf095abed910bb", "b86f527f00956ecebad6ab3bb30e3a75fedf1160a8716978dd8ce7adddedd86f", "4d6c294c6638a71cafb82a37f182f24321f1163b08b5d5ca076e11fe838a3086", "789bd89d71d704db2b3d5e67d6d518b158985d791d3b2dec5ab85457cfc9677b", "ecbc6dfff6db06b8b72ae8a2f25ff20fbdcb83cb543811a08f7cb555042aa729", "0bf855d4a7083e20ead961fda4923887094eaeace0ab2d76eb4aa300f4bbf5bd", "eadbd32b6bc48b67b0457fccc94c86f7ccc8178ab839f684eb285bb592dc143e", "b4c8b0ef3608e59317bfc501df84a61e48b5445d45f24d0391a24802de5f2d84", "de26ef4787b5e778e8223913a3e50368b44e7480f83c76df1f51d23bd21cea16", "97521704ac7127d7d8ba22877da3c7bf4a40366587d238ec679ff38e33177498", "098b18f4d8857a8f9b206d1dc54db56c2255d5d26458917e7bcad61ebfe4338f", "4305aed922c4d9d6163ab3a41d80b5a1cfab54917467da8168552c42cad84d32", "e70ebcfc5372dc7b699c0110454fc4263967f30c55454397e5769eb72c0eb0ce", "47ee296f704fb8b2a616dec691cdcfd5fa0f11943955e88faa98cbd1dc3b3e3d", "5c6ca0b507540a11eaf9e77dee4f07c131c2ec80ca0cffa146671bf690bc1c02", "a89ee5c26f72f2d0d74b991ce49e42ddeb4ac0dc2d8c06a0f2770a1ab48f4fe0", "4f3233c366500730f839f92833194fd8f9a5c4529c8cd8040aa162c3740de8e5", "a6d32c37f714c3f34158f3fa659f3a8f2658d5f53c4297d45579b9677cc4d852", "be4c4aa22ba22f70de36c98b06480e2f1697972d49eb20d525f400d204a6d272", "197dda3ffd02057820be83fe4d84529ea70bf39a9a4daee1d20ffc74eb3d042e", "3cbf8c4fc8f22f0817220891cf405831559f4d4c12c4f73913730a2ea6c47a47", "278ef63afb4b3d842b4609f2c05ffbfb76795cf6a184deeb8707cd5ed3c981a5", "c2ac7aa1a144d4e0e613ac7286dae85671e99fe7a1353954d4905629c36b811c",]
py = [ "983f77f3331356039fdd792e9220b7b8ee1aa6bd2b25f567a963ff1de5a64f6a", "29c9fab495d7528e80ba1e343b958684f4ace687327e6f789a94bf3d1915f881",]
pycodestyle = [ "6c4245ade1edfad79c3446fadfc96b0de2759662dc29d07d80a6f27ad1ca6ba9", "682256a5b318149ca0d2a9185d365d8864a768a28db66a84a2ea946bcc426766",]
pyflakes = [ "08bd6a50edf8cffa9fa09a463063c425ecaaf10d1eb0335a7e8b1401aef89e6f", "8d616a382f243dbf19b54743f280b80198be0bca3a5396f1d2e1fca6223e8805",]
pygments = [ "78f3f434bcc5d6ee09020f92ba487f95ba50f1e3ef83ae96b9d5ffa1bab25c5d", "dbae1046def0efb574852fab9e90209b23f556367b5a320c0bcb871c77c3e8cc",]
pyjwt = [ "30b1380ff43b55441283cc2b2676b755cca45693ae3097325dea01f3d110628c", "4ee413b357d53fd3fb44704577afac88e72e878716116270d722723d65b42176",]
pyparsing = [ "fee43f17a9c4087e7ed1605bd6df994c6173c1e977d7ade7b651292fab2bd010", "0832bcf47acd283788593e7a0f542407bd9550a55a8a8435214a1960e04bcb04", "9e8143a3e15c13713506886badd96ca4b579a87fbdf49e550dbfc057d6cb218e", "281683241b25fe9b80ec9d66017485f6deff1af5cde372469134b56ca8447a07", "b8b3117ed9bdf45e14dcc89345ce638ec7e0e29b2b579fa1ecf32ce45ebac8a5", "8f1e18d3fd36c6795bb7e02a39fd05c611ffc2596c1e0d995d34d67630426c18", "e4d45427c6e20a59bf4f88c639dcc03ce30d193112047f94012102f235853a58",]
pytest = [ "90898786b3d0b880b47645bae7b51aa9bbf1e9d1e4510c2cfd15dd65c70ea0cd", "8ea01fc4fcc8e1b1e305252b4bc80a1528019ab99fd3b88666c9dc38d754406c",]
pytest-cov = [ "890fe5565400902b0c78b5357004aab1c814115894f4f21370e2433256a3eeec", "03aa752cf11db41d281ea1d807d954c4eda35cfa1b21d6971966cc041bbf6e2d",]
pytest-env = [ "7e94956aef7f2764f3c147d216ce066bf6c42948bb9e293169b1b1c880a580c2",]
pytest-mock = [ "53801e621223d34724926a5c98bd90e8e417ce35264365d39d6c896388dcc928", "d89a8209d722b8307b5e351496830d5cc5e192336003a485443ae9adeb7dd4c0",]
pytest-ponyorm = [ "a94507ad2944081da4785ba2c806ae39d7f58fee70c99f1eac592511f931c9f5", "952dc4f899d3b627115fbacad2314cefb2e4173e88d065d431c192cb9568d11f",]
pytest-pythonpath = [ "f3d46b0a8276e856f7dc4f70ca97b88be6fbcf52d57ce36e35057d502388265e",]
python-dateutil = [ "1adb80e7a782c12e52ef9a8182bebeb73f1d7e24e374397af06fb4956c8dc5c0", "e27001de32f627c22380a688bcc43ce83504a7bc5da472209b4c70f02829f0b8",]
python-dotenv = [ "4965ed170bf51c347a89820e8050655e9c25db3837db6602e906b6d850fad85c", "509736185257111613009974e666568a1b031b028b61b500ef1ab4ee780089d5",]
pythonthesorimed = [ "a79e7e800627e4ac5d25a149f9ef993b94a1fa65a38de7278c130529580f577e", "a277bce3d9b586dc4e4629a17722d8307a6419dc63e71315a4766af911fd302a",]
pytz = [ "65ae0c8101309c45772196b21b74c46b2e5d11b6275c45d251b150d5da334555", "c06425302f2cf668f1bba7a0a03f3c1d34d4ebeef2c72003da308b3947c7f749",]
pytzdata = [ "1d936da41ee06216d89fdc7ead1ee9a5da2811a8787515a976b646e110c3f622", "e4ef42e82b0b493c5849eed98b5ab49d6767caf982127e9a33167f1153b36cc5",]
pyyaml = [ "3262c96a1ca437e7e4763e2843746588a965426550f3797a79fca9c6199c431f", "16b20e970597e051997d90dc2cddc713a2876c47e3d92d59ee198700c5427736", "e863072cdf4c72eebf179342c94e6989c67185842d9997960b3e69290b2fa269", "bc6bced57f826ca7cb5125a10b23fd0f2fff3b7c4701d64c439a300ce665fff8", "c01b880ec30b5a6e6aa67b09a2fe3fb30473008c85cd6a67359a1b15ed6d83a4", "827dc04b8fa7d07c44de11fabbc888e627fa8293b695e0f99cb544fdfa1bf0d1", "592766c6303207a20efc445587778322d7f73b161bd994f227adaa341ba212ab", "5f84523c076ad14ff5e6c037fe1c89a7f73a3e04cf0377cb4d017014976433f3", "0c507b7f74b3d2dd4d1322ec8a94794927305ab4cebbe89cc47fe5e81541e6e8", "b4c423ab23291d3945ac61346feeb9a0dc4184999ede5e7c43e1ffb975130ae6", "ca233c64c6e40eaa6c66ef97058cdc80e8d0157a443655baa1b2966e812807ca", "4474f8ea030b5127225b8894d626bb66c01cda098d47a2b0d3429b6700af9fd8", "326420cbb492172dec84b0f65c80942de6cedb5233c413dd824483989c000608", "5ac82e411044fb129bae5cfbeb3ba626acb2af31a8d17d175004b70862a741a7",]
requests = [ "63b52e3c866428a224f97cab011de738c36aec0185aa91cfacd418b5d58911d1", "ec22d826a36ed72a7358ff3fe56cbd4ba69dd7a6718ffd450ff0e9df7a47ce6a",]
setuptools = [ "8fca9275c89964f13da985c3656cb00ba029d7f3916b37990927ffdf264e7926", "f7cddbb5f5c640311eb00eab6e849f7701fa70bf6a183fc8a2c33dd1d1672fb2",]
simple-settings = [ "b47bedc64eedade60553ca2125c9cbd60610077ae216a17679611c06fc93a8e1", "cdf6cbdbb4561fa67c0041dedf89c0ff335338c0a018f0bcbabf91ae087d6def",]
six = [ "832dc0e10feb1aa2c68dcc57dbb658f1c7e65b9b61af69048abc87a2db00a0eb", "70e8a77beed4562e7f14fe23a786b54f6296e34344c23bc42f07b15018ff98e9",]
snowballstemmer = [ "9f3bcd3c401c3e862ec0ebe6d2c069ebc012ce142cce209c098ccb5b09136e89", "919f26a68b2c17a7634da993d91339e288964f93c274f1343e3bbbe2096e1128",]
sphinx = [ "85f7e32c8ef07f4ba5aeca728e0f7717bef0789fba8458b8d9c5c294cad134f3", "d45480a229edf70d84ca9fae3784162b1bc75ee47e480ffe04a4b7f21a95d76d",]
sphinx-autobuild = [ "e60aea0789cab02fa32ee63c7acae5ef41c06f1434d9fd0a74250a61f5994692", "66388f81884666e3821edbe05dd53a0cfb68093873d17320d0610de8db28c74e",]
sphinx-autodoc-typehints = [ "46cc9e985ee6d8bbbd07fffd95b815c39a72df6afb600f59671f85f7340e7d0d", "1a9df6cb3ba72453ea4bfbe96ea887abc0d796b2ce9508c2189217a1bb69b366",]
sphinx-rtd-theme = [ "32424dac2779f0840b4788fbccb032ba2496c1ca47a439ad2510c8b1e55dfd33", "6d0481532b5f441b075127a2d755f430f1f8410a50112b1af6b069518548381d",]
sphinxcontrib-napoleon = [ "cbb31953b15d2102c18f16f02591f92e2614a08ef0218c9e514e2dc4c4f9daf9", "614b779888629f14dfdfad6c17bffbb6d3813a0a0917a9541651d85384d4d6bd",]
sphinxcontrib-websupport = [ "68ca7ff70785cbe1e7bccc71a48b5b6d965d79ca50629606c7861a21b206d9dd", "9de47f375baf1ea07cdb3436ff39d7a9c76042c10a769c52353ec46e4e8fc3b9",]
toml = [ "8e86bd6ce8cc11b9620cb637466453d94f5d57ad86f17e98a98d1f73e3baab2d",]
tornado = [ "88ce0282cce70df9045e515f578c78f1ebc35dcabe1d70f800c3583ebda7f5f5", "ba9fbb249ac5390bff8a1d6aa4b844fd400701069bda7d2e380dfe2217895101", "408d129e9d13d3c55aa73f8084aa97d5f90ed84132e38d6932e63a67d5bec563", "c050089173c2e9272244bccfb6a8615fb9e53b79420a5551acfa76094ecc3111", "1b83d5c10550f2653380b4c77331d6f8850f287c4f67d7ce1e1c639d9222fbc7",]
urllib3 = [ "b5725a0bd4ba422ab0e66e89e030c806576753ea3ee08554382c14e685d117b5", "a68ac5e15e76e7e5dd2b8f94007233e01effe3e50e8daddf69acfd81cb686baf",]
watchdog = [ "7e65882adb7746039b6f3876ee174952f8eaaa34491ba34333ddf1fe35de4162",]
werkzeug = [ "d5da73735293558eb1651ee2fddc4d0dedcfa06538b8813a2e20011583c9e49b", "c3fd7a7d41976d9f44db327260e263132466836cef6f91512889ed60ad26557c",]
whitenoise = [ "15f43b2e701821b95c9016cf469d29e2a546cb1c7dead584ba82c36f843995cf", "9d81515f2b5b27051910996e1e860b1332e354d9e7bcf30c98f21dcb6713e0dd",]
yapf = [ "6567745f0b6656f9c33a73c56a393071c699e6284a70d793798ab6e3769d25ec", "a98a6eacca64d2b920558f4a2f78150db9474de821227e60deaa29f186121c63",]
